
Microsoft Visual Studio Solution File, Format Version 12.00
# Visual Studio Version 16
VisualStudioVersion = 16.0.31321.278
MinimumVisualStudioVersion = 10.0.40219.1
Project("{FAE04EC0-301F-11D3-BF4B-00C04F79EFBC}") = "CapaPresentacion", "CapaPresentacion\CapaPresentacion.csproj", "{31E087DA-50C8-426F-B260-9CBA5B17354D}"
EndProject
Project("{FAE04EC0-301F-11D3-BF4B-00C04F79EFBC}") = "CapaDatos", "CapaDatos\CapaDatos.csproj", "{5593BF3E-145E-4E3A-807E-5D7724EF8B5D}"
EndProject
Project("{FAE04EC0-301F-11D3-BF4B-00C04F79EFBC}") = "CapaNegocio", "CapaNegocio\CapaNegocio.csproj", "{AE363A20-D223-49A1-A979-67FD9734C8CA}"
EndProject
Global
	GlobalSection(SolutionConfigurationPlatforms) = preSolution
		Debug|Any CPU = Debug|Any CPU
		Release|Any CPU = Release|Any CPU
	EndGlobalSection
	GlobalSection(ProjectConfigurationPlatforms) = postSolution
		{31E087DA-50C8-426F-B260-9CBA5B17354D}.Debug|Any CPU.ActiveCfg = Debug|Any CPU
		{31E087DA-50C8-426F-B260-9CBA5B17354D}.Debug|Any CPU.Build.0 = Debug|Any CPU
		{31E087DA-50C8-426F-B260-9CBA5B17354D}.Release|Any CPU.ActiveCfg = Release|Any CPU
		{31E087DA-50C8-426F-B260-9CBA5B17354D}.Release|Any CPU.Build.0 = Release|Any CPU
		{5593BF3E-145E-4E3A-807E-5D7724EF8B5D}.Debug|Any CPU.ActiveCfg = Debug|Any CPU
		{5593BF3E-145E-4E3A-807E-5D7724EF8B5D}.Debug|Any CPU.Build.0 = Debug|Any CPU
		{5593BF3E-145E-4E3A-807E-5D7724EF8B5D}.Release|Any CPU.ActiveCfg = Release|Any CPU
		{5593BF3E-145E-4E3A-807E-5D7724EF8B5D}.Release|Any CPU.Build.0 = Release|Any CPU
		{AE363A20-D223-49A1-A979-67FD9734C8CA}.Debug|Any CPU.ActiveCfg = Debug|Any CPU
		{AE363A20-D223-49A1-A979-67FD9734C8CA}.Debug|Any CPU.Build.0 = Debug|Any CPU
		{AE363A20-D223-49A1-A979-67FD9734C8CA}.Release|Any CPU.ActiveCfg = Release|Any CPU
		{AE363A20-D223-49A1-A979-67FD9734C8CA}.Release|Any CPU.Build.0 = Release|Any CPU
	EndGlobalSection
	GlobalSection(SolutionProperties) = preSolution
		HideSolutionNode = FALSE
	EndGlobalSection
	GlobalSection(ExtensibilityGlobals) = postSolution
		SolutionGuid = {AA29D3B7-5B5E-4001-9D66-5216DE25AA39}
	EndGlobalSection
EndGlobal
